// !$*UTF8*$!
{
	archiveVersion = 1;
	classes = {
	};
	objectVersion = 46;
	objects = {

/* Begin PBXBuildFile section */
		734E749707E753628F221FAD /* Pods_speedxSwift.framework in Frameworks */ = {isa = PBXBuildFile; fileRef = 4FECDD15EF68CF3BB798E017 /* Pods_speedxSwift.framework */; };
		FF2632231CCE23B300F515CA /* Alamofire.framework in Frameworks */ = {isa = PBXBuildFile; fileRef = FF2632221CCE23B300F515CA /* Alamofire.framework */; };
		FF82DC651CC86FC300064A17 /* AppDelegate.swift in Sources */ = {isa = PBXBuildFile; fileRef = FF82DC641CC86FC300064A17 /* AppDelegate.swift */; };
		FF82DC6C1CC86FC300064A17 /* Assets.xcassets in Resources */ = {isa = PBXBuildFile; fileRef = FF82DC6B1CC86FC300064A17 /* Assets.xcassets */; };
		FF82DC881CC8852B00064A17 /* Array+Extension.swift in Sources */ = {isa = PBXBuildFile; fileRef = FF82DC791CC8852B00064A17 /* Array+Extension.swift */; };
		FF82DC891CC8852B00064A17 /* DHButton.swift in Sources */ = {isa = PBXBuildFile; fileRef = FF82DC7A1CC8852B00064A17 /* DHButton.swift */; };
		FF82DC8A1CC8852B00064A17 /* GlobalDefine.swift in Sources */ = {isa = PBXBuildFile; fileRef = FF82DC7B1CC8852B00064A17 /* GlobalDefine.swift */; };
		FF82DC8B1CC8852B00064A17 /* NetworkResponse.swift in Sources */ = {isa = PBXBuildFile; fileRef = FF82DC7C1CC8852B00064A17 /* NetworkResponse.swift */; };
		FF82DC8C1CC8852B00064A17 /* NetworkTool.swift in Sources */ = {isa = PBXBuildFile; fileRef = FF82DC7D1CC8852B00064A17 /* NetworkTool.swift */; };
		FF82DC8D1CC8852B00064A17 /* NSDate+Extension.swift in Sources */ = {isa = PBXBuildFile; fileRef = FF82DC7E1CC8852B00064A17 /* NSDate+Extension.swift */; };
		FF82DC8E1CC8852B00064A17 /* String+Extension.swift in Sources */ = {isa = PBXBuildFile; fileRef = FF82DC7F1CC8852B00064A17 /* String+Extension.swift */; };
		FF82DC8F1CC8852B00064A17 /* Tool.swift in Sources */ = {isa = PBXBuildFile; fileRef = FF82DC801CC8852B00064A17 /* Tool.swift */; };
		FF82DC901CC8852B00064A17 /* UIColor+Extension.swift in Sources */ = {isa = PBXBuildFile; fileRef = FF82DC811CC8852B00064A17 /* UIColor+Extension.swift */; };
		FF82DC911CC8852B00064A17 /* UIFont+Extension.swift in Sources */ = {isa = PBXBuildFile; fileRef = FF82DC821CC8852B00064A17 /* UIFont+Extension.swift */; };
		FF82DC921CC8852B00064A17 /* UIImage+Extension.swift in Sources */ = {isa = PBXBuildFile; fileRef = FF82DC831CC8852B00064A17 /* UIImage+Extension.swift */; };
		FF82DC931CC8852B00064A17 /* UINib+Extension.swift in Sources */ = {isa = PBXBuildFile; fileRef = FF82DC841CC8852B00064A17 /* UINib+Extension.swift */; };
		FF82DC941CC8852B00064A17 /* UIStoryboard+Extension.swift in Sources */ = {isa = PBXBuildFile; fileRef = FF82DC851CC8852B00064A17 /* UIStoryboard+Extension.swift */; };
		FF82DC951CC8852B00064A17 /* Urls.swift in Sources */ = {isa = PBXBuildFile; fileRef = FF82DC861CC8852B00064A17 /* Urls.swift */; };
		FF82DC991CC885FD00064A17 /* BaseViewController.swift in Sources */ = {isa = PBXBuildFile; fileRef = FF82DC981CC885FD00064A17 /* BaseViewController.swift */; };
		FF9000F11CC8D79A00ED3D3C /* CustomTabBar.swift in Sources */ = {isa = PBXBuildFile; fileRef = FF9000EE1CC8D79A00ED3D3C /* CustomTabBar.swift */; };
		FF9000F21CC8D79A00ED3D3C /* LBNvc.swift in Sources */ = {isa = PBXBuildFile; fileRef = FF9000EF1CC8D79A00ED3D3C /* LBNvc.swift */; };
		FF9000F31CC8D79A00ED3D3C /* Public.swift in Sources */ = {isa = PBXBuildFile; fileRef = FF9000F01CC8D79A00ED3D3C /* Public.swift */; };
		FF9000F91CC8D98600ED3D3C /* BikeVC.swift in Sources */ = {isa = PBXBuildFile; fileRef = FF9000F41CC8D98600ED3D3C /* BikeVC.swift */; };
		FF9000FA1CC8D98600ED3D3C /* RankVC.swift in Sources */ = {isa = PBXBuildFile; fileRef = FF9000F51CC8D98600ED3D3C /* RankVC.swift */; };
		FF9000FB1CC8D98600ED3D3C /* HomeVC.swift in Sources */ = {isa = PBXBuildFile; fileRef = FF9000F61CC8D98600ED3D3C /* HomeVC.swift */; };
		FF9000FC1CC8D98600ED3D3C /* MoreVC.swift in Sources */ = {isa = PBXBuildFile; fileRef = FF9000F71CC8D98600ED3D3C /* MoreVC.swift */; };
		FF9000FD1CC8D98600ED3D3C /* ClubVC.swift in Sources */ = {isa = PBXBuildFile; fileRef = FF9000F81CC8D98600ED3D3C /* ClubVC.swift */; };
		FF9000FF1CC8E85B00ED3D3C /* UIView+Util.swift in Sources */ = {isa = PBXBuildFile; fileRef = FF9000FE1CC8E85B00ED3D3C /* UIView+Util.swift */; };
		FF9001021CC9BA5400ED3D3C /* RidingVC.swift in Sources */ = {isa = PBXBuildFile; fileRef = FF9001011CC9BA5400ED3D3C /* RidingVC.swift */; };
		FF9001061CCA03B900ED3D3C /* CyclingManager.swift in Sources */ = {isa = PBXBuildFile; fileRef = FF9001051CCA03B900ED3D3C /* CyclingManager.swift */; };
		FF9001081CCA096E00ED3D3C /* CyclingMapViewVC.swift in Sources */ = {isa = PBXBuildFile; fileRef = FF9001071CCA096E00ED3D3C /* CyclingMapViewVC.swift */; };
		FF90010A1CCDAFA100ED3D3C /* AsyncTest.swift in Sources */ = {isa = PBXBuildFile; fileRef = FF9001091CCDAFA100ED3D3C /* AsyncTest.swift */; };
		FFA114101CD334C900C0E069 /* CoordsTransform.swift in Sources */ = {isa = PBXBuildFile; fileRef = FFA1140F1CD334C900C0E069 /* CoordsTransform.swift */; };
		FFC196C61CCE262600B483C1 /* RequestBaseManager.swift in Sources */ = {isa = PBXBuildFile; fileRef = FFC196C51CCE262600B483C1 /* RequestBaseManager.swift */; };
		FFC196C81CCE263700B483C1 /* Async.framework in Frameworks */ = {isa = PBXBuildFile; fileRef = FFC196C71CCE263700B483C1 /* Async.framework */; };
		FFC196CA1CCE263A00B483C1 /* Haneke.framework in Frameworks */ = {isa = PBXBuildFile; fileRef = FFC196C91CCE263A00B483C1 /* Haneke.framework */; };
		FFC196CC1CCE263D00B483C1 /* SwiftyJSON.framework in Frameworks */ = {isa = PBXBuildFile; fileRef = FFC196CB1CCE263D00B483C1 /* SwiftyJSON.framework */; };
		FFC196CE1CCE264100B483C1 /* Realm.framework in Frameworks */ = {isa = PBXBuildFile; fileRef = FFC196CD1CCE264100B483C1 /* Realm.framework */; };
		FFCFED411CD8A328000A46F2 /* BebasNeue.otf in Resources */ = {isa = PBXBuildFile; fileRef = FFCFED401CD8A328000A46F2 /* BebasNeue.otf */; };
/* End PBXBuildFile section */

/* Begin PBXFileReference section */
		4FECDD15EF68CF3BB798E017 /* Pods_speedxSwift.framework */ = {isa = PBXFileReference; explicitFileType = wrapper.framework; includeInIndex = 0; path = Pods_speedxSwift.framework; sourceTree = BUILT_PRODUCTS_DIR; };
		84B1B150642A92232B5557CF /* Pods-speedxSwift.release.xcconfig */ = {isa = PBXFileReference; includeInIndex = 1; lastKnownFileType = text.xcconfig; name = "Pods-speedxSwift.release.xcconfig"; path = "Pods/Target Support Files/Pods-speedxSwift/Pods-speedxSwift.release.xcconfig"; sourceTree = "<group>"; };
		C54B64C47507714E096F8B48 /* Pods-speedxSwift.debug.xcconfig */ = {isa = PBXFileReference; includeInIndex = 1; lastKnownFileType = text.xcconfig; name = "Pods-speedxSwift.debug.xcconfig"; path = "Pods/Target Support Files/Pods-speedxSwift/Pods-speedxSwift.debug.xcconfig"; sourceTree = "<group>"; };
		FF2632221CCE23B300F515CA /* Alamofire.framework */ = {isa = PBXFileReference; lastKnownFileType = wrapper.framework; name = Alamofire.framework; path = "../../../Library/Developer/Xcode/DerivedData/speedxSwift-dmtbjqynvshxzcedtnbmspurnhfn/Build/Products/Debug-iphoneos/Alamofire.framework"; sourceTree = "<group>"; };
		FF82DC611CC86FC300064A17 /* speedxSwift.app */ = {isa = PBXFileReference; explicitFileType = wrapper.application; includeInIndex = 0; path = speedxSwift.app; sourceTree = BUILT_PRODUCTS_DIR; };
		FF82DC641CC86FC300064A17 /* AppDelegate.swift */ = {isa = PBXFileReference; lastKnownFileType = sourcecode.swift; path = AppDelegate.swift; sourceTree = "<group>"; };
		FF82DC6B1CC86FC300064A17 /* Assets.xcassets */ = {isa = PBXFileReference; lastKnownFileType = folder.assetcatalog; path = Assets.xcassets; sourceTree = "<group>"; };
		FF82DC701CC86FC300064A17 /* Info.plist */ = {isa = PBXFileReference; lastKnownFileType = text.plist.xml; path = Info.plist; sourceTree = "<group>"; };
		FF82DC791CC8852B00064A17 /* Array+Extension.swift */ = {isa = PBXFileReference; fileEncoding = 4; lastKnownFileType = sourcecode.swift; path = "Array+Extension.swift"; sourceTree = "<group>"; };
		FF82DC7A1CC8852B00064A17 /* DHButton.swift */ = {isa = PBXFileReference; fileEncoding = 4; lastKnownFileType = sourcecode.swift; path = DHButton.swift; sourceTree = "<group>"; };
		FF82DC7B1CC8852B00064A17 /* GlobalDefine.swift */ = {isa = PBXFileReference; fileEncoding = 4; lastKnownFileType = sourcecode.swift; path = GlobalDefine.swift; sourceTree = "<group>"; };
		FF82DC7C1CC8852B00064A17 /* NetworkResponse.swift */ = {isa = PBXFileReference; fileEncoding = 4; lastKnownFileType = sourcecode.swift; path = NetworkResponse.swift; sourceTree = "<group>"; };
		FF82DC7D1CC8852B00064A17 /* NetworkTool.swift */ = {isa = PBXFileReference; fileEncoding = 4; lastKnownFileType = sourcecode.swift; path = NetworkTool.swift; sourceTree = "<group>"; };
		FF82DC7E1CC8852B00064A17 /* NSDate+Extension.swift */ = {isa = PBXFileReference; fileEncoding = 4; lastKnownFileType = sourcecode.swift; path = "NSDate+Extension.swift"; sourceTree = "<group>"; };
		FF82DC7F1CC8852B00064A17 /* String+Extension.swift */ = {isa = PBXFileReference; fileEncoding = 4; lastKnownFileType = sourcecode.swift; path = "String+Extension.swift"; sourceTree = "<group>"; };
		FF82DC801CC8852B00064A17 /* Tool.swift */ = {isa = PBXFileReference; fileEncoding = 4; lastKnownFileType = sourcecode.swift; path = Tool.swift; sourceTree = "<group>"; };
		FF82DC811CC8852B00064A17 /* UIColor+Extension.swift */ = {isa = PBXFileReference; fileEncoding = 4; lastKnownFileType = sourcecode.swift; path = "UIColor+Extension.swift"; sourceTree = "<group>"; };
		FF82DC821CC8852B00064A17 /* UIFont+Extension.swift */ = {isa = PBXFileReference; fileEncoding = 4; lastKnownFileType = sourcecode.swift; path = "UIFont+Extension.swift"; sourceTree = "<group>"; };
		FF82DC831CC8852B00064A17 /* UIImage+Extension.swift */ = {isa = PBXFileReference; fileEncoding = 4; lastKnownFileType = sourcecode.swift; path = "UIImage+Extension.swift"; sourceTree = "<group>"; };
		FF82DC841CC8852B00064A17 /* UINib+Extension.swift */ = {isa = PBXFileReference; fileEncoding = 4; lastKnownFileType = sourcecode.swift; path = "UINib+Extension.swift"; sourceTree = "<group>"; };
		FF82DC851CC8852B00064A17 /* UIStoryboard+Extension.swift */ = {isa = PBXFileReference; fileEncoding = 4; lastKnownFileType = sourcecode.swift; path = "UIStoryboard+Extension.swift"; sourceTree = "<group>"; };
		FF82DC861CC8852B00064A17 /* Urls.swift */ = {isa = PBXFileReference; fileEncoding = 4; lastKnownFileType = sourcecode.swift; path = Urls.swift; sourceTree = "<group>"; };
		FF82DC971CC885D500064A17 /* MyPlayground.playground */ = {isa = PBXFileReference; lastKnownFileType = file.playground; path = MyPlayground.playground; sourceTree = "<group>"; };
		FF82DC981CC885FD00064A17 /* BaseViewController.swift */ = {isa = PBXFileReference; fileEncoding = 4; lastKnownFileType = sourcecode.swift; path = BaseViewController.swift; sourceTree = "<group>"; };
		FF9000EE1CC8D79A00ED3D3C /* CustomTabBar.swift */ = {isa = PBXFileReference; fileEncoding = 4; lastKnownFileType = sourcecode.swift; path = CustomTabBar.swift; sourceTree = "<group>"; };
		FF9000EF1CC8D79A00ED3D3C /* LBNvc.swift */ = {isa = PBXFileReference; fileEncoding = 4; lastKnownFileType = sourcecode.swift; path = LBNvc.swift; sourceTree = "<group>"; };
		FF9000F01CC8D79A00ED3D3C /* Public.swift */ = {isa = PBXFileReference; fileEncoding = 4; lastKnownFileType = sourcecode.swift; path = Public.swift; sourceTree = "<group>"; };
		FF9000F41CC8D98600ED3D3C /* BikeVC.swift */ = {isa = PBXFileReference; fileEncoding = 4; lastKnownFileType = sourcecode.swift; path = BikeVC.swift; sourceTree = "<group>"; };
		FF9000F51CC8D98600ED3D3C /* RankVC.swift */ = {isa = PBXFileReference; fileEncoding = 4; lastKnownFileType = sourcecode.swift; path = RankVC.swift; sourceTree = "<group>"; };
		FF9000F61CC8D98600ED3D3C /* HomeVC.swift */ = {isa = PBXFileReference; fileEncoding = 4; lastKnownFileType = sourcecode.swift; path = HomeVC.swift; sourceTree = "<group>"; };
		FF9000F71CC8D98600ED3D3C /* MoreVC.swift */ = {isa = PBXFileReference; fileEncoding = 4; lastKnownFileType = sourcecode.swift; path = MoreVC.swift; sourceTree = "<group>"; };
		FF9000F81CC8D98600ED3D3C /* ClubVC.swift */ = {isa = PBXFileReference; fileEncoding = 4; lastKnownFileType = sourcecode.swift; path = ClubVC.swift; sourceTree = "<group>"; };
		FF9000FE1CC8E85B00ED3D3C /* UIView+Util.swift */ = {isa = PBXFileReference; fileEncoding = 4; lastKnownFileType = sourcecode.swift; path = "UIView+Util.swift"; sourceTree = "<group>"; };
		FF9001011CC9BA5400ED3D3C /* RidingVC.swift */ = {isa = PBXFileReference; fileEncoding = 4; lastKnownFileType = sourcecode.swift; path = RidingVC.swift; sourceTree = "<group>"; };
		FF9001051CCA03B900ED3D3C /* CyclingManager.swift */ = {isa = PBXFileReference; fileEncoding = 4; lastKnownFileType = sourcecode.swift; path = CyclingManager.swift; sourceTree = "<group>"; };
		FF9001071CCA096E00ED3D3C /* CyclingMapViewVC.swift */ = {isa = PBXFileReference; fileEncoding = 4; lastKnownFileType = sourcecode.swift; path = CyclingMapViewVC.swift; sourceTree = "<group>"; };
		FF9001091CCDAFA100ED3D3C /* AsyncTest.swift */ = {isa = PBXFileReference; fileEncoding = 4; lastKnownFileType = sourcecode.swift; name = AsyncTest.swift; path = speedxSwift/Bike/AsyncTest.swift; sourceTree = SOURCE_ROOT; };
		FFA1140F1CD334C900C0E069 /* CoordsTransform.swift */ = {isa = PBXFileReference; fileEncoding = 4; lastKnownFileType = sourcecode.swift; path = CoordsTransform.swift; sourceTree = "<group>"; };
		FFC196C51CCE262600B483C1 /* RequestBaseManager.swift */ = {isa = PBXFileReference; fileEncoding = 4; lastKnownFileType = sourcecode.swift; name = RequestBaseManager.swift; path = speedxSwift/Bike/RequestBaseManager.swift; sourceTree = SOURCE_ROOT; };
		FFC196C71CCE263700B483C1 /* Async.framework */ = {isa = PBXFileReference; lastKnownFileType = wrapper.framework; name = Async.framework; path = "../../../Library/Developer/Xcode/DerivedData/speedxSwift-dmtbjqynvshxzcedtnbmspurnhfn/Build/Products/Debug-iphoneos/Async.framework"; sourceTree = "<group>"; };
		FFC196C91CCE263A00B483C1 /* Haneke.framework */ = {isa = PBXFileReference; lastKnownFileType = wrapper.framework; name = Haneke.framework; path = "../../../Library/Developer/Xcode/DerivedData/speedxSwift-dmtbjqynvshxzcedtnbmspurnhfn/Build/Products/Debug-iphoneos/Haneke.framework"; sourceTree = "<group>"; };
		FFC196CB1CCE263D00B483C1 /* SwiftyJSON.framework */ = {isa = PBXFileReference; lastKnownFileType = wrapper.framework; name = SwiftyJSON.framework; path = "../../../Library/Developer/Xcode/DerivedData/speedxSwift-dmtbjqynvshxzcedtnbmspurnhfn/Build/Products/Debug-iphoneos/SwiftyJSON.framework"; sourceTree = "<group>"; };
		FFC196CD1CCE264100B483C1 /* Realm.framework */ = {isa = PBXFileReference; lastKnownFileType = wrapper.framework; name = Realm.framework; path = "../../../Library/Developer/Xcode/DerivedData/speedxSwift-dmtbjqynvshxzcedtnbmspurnhfn/Build/Products/Debug-iphoneos/Realm.framework"; sourceTree = "<group>"; };
		FFCFED401CD8A328000A46F2 /* BebasNeue.otf */ = {isa = PBXFileReference; lastKnownFileType = file; path = BebasNeue.otf; sourceTree = "<group>"; };
/* End PBXFileReference section */

/* Begin PBXFrameworksBuildPhase section */
		FF82DC5E1CC86FC300064A17 /* Frameworks */ = {
			isa = PBXFrameworksBuildPhase;
			buildActionMask = 2147483647;
			files = (
				FFC196CE1CCE264100B483C1 /* Realm.framework in Frameworks */,
				FFC196CC1CCE263D00B483C1 /* SwiftyJSON.framework in Frameworks */,
				FFC196CA1CCE263A00B483C1 /* Haneke.framework in Frameworks */,
				FFC196C81CCE263700B483C1 /* Async.framework in Frameworks */,
				FF2632231CCE23B300F515CA /* Alamofire.framework in Frameworks */,
				734E749707E753628F221FAD /* Pods_speedxSwift.framework in Frameworks */,
			);
			runOnlyForDeploymentPostprocessing = 0;
		};
/* End PBXFrameworksBuildPhase section */

/* Begin PBXGroup section */
		1FAAD451A40334932D1D24A8 /* Frameworks */ = {
			isa = PBXGroup;
			children = (
				FFC196CD1CCE264100B483C1 /* Realm.framework */,
				FFC196CB1CCE263D00B483C1 /* SwiftyJSON.framework */,
				FFC196C91CCE263A00B483C1 /* Haneke.framework */,
				FFC196C71CCE263700B483C1 /* Async.framework */,
				FF2632221CCE23B300F515CA /* Alamofire.framework */,
				4FECDD15EF68CF3BB798E017 /* Pods_speedxSwift.framework */,
			);
			name = Frameworks;
			sourceTree = "<group>";
		};
		8CDE6800E43E2BD2C5CEFA1A /* Pods */ = {
			isa = PBXGroup;
			children = (
				C54B64C47507714E096F8B48 /* Pods-speedxSwift.debug.xcconfig */,
				84B1B150642A92232B5557CF /* Pods-speedxSwift.release.xcconfig */,
			);
			name = Pods;
			sourceTree = "<group>";
		};
		FF82DC581CC86FC300064A17 = {
			isa = PBXGroup;
			children = (
				FF82DC631CC86FC300064A17 /* speedxSwift */,
				FF82DC621CC86FC300064A17 /* Products */,
				8CDE6800E43E2BD2C5CEFA1A /* Pods */,
				1FAAD451A40334932D1D24A8 /* Frameworks */,
			);
			sourceTree = "<group>";
		};
		FF82DC621CC86FC300064A17 /* Products */ = {
			isa = PBXGroup;
			children = (
				FF82DC611CC86FC300064A17 /* speedxSwift.app */,
			);
			name = Products;
			sourceTree = "<group>";
		};
		FF82DC631CC86FC300064A17 /* speedxSwift */ = {
			isa = PBXGroup;
			children = (
				FF82DC641CC86FC300064A17 /* AppDelegate.swift */,
				FF82DC981CC885FD00064A17 /* BaseViewController.swift */,
				FF9000F61CC8D98600ED3D3C /* HomeVC.swift */,
				FF9000F51CC8D98600ED3D3C /* RankVC.swift */,
				FF9000F41CC8D98600ED3D3C /* BikeVC.swift */,
				FF9000F81CC8D98600ED3D3C /* ClubVC.swift */,
				FF9000F71CC8D98600ED3D3C /* MoreVC.swift */,
				FF9001001CC9BA0900ED3D3C /* Bike */,
				FF9000EC1CC8D77000ED3D3C /* CustomTabBar */,
				FF9000ED1CC8D77000ED3D3C /* test */,
				FF82DC6B1CC86FC300064A17 /* Assets.xcassets */,
				FF82DC701CC86FC300064A17 /* Info.plist */,
				FF82DC971CC885D500064A17 /* MyPlayground.playground */,
				FF82DC781CC8852B00064A17 /* Tool */,
				FF82DC961CC8855500064A17 /* framework */,
				FF82DC761CC8852B00064A17 /* Resource */,
			);
			path = speedxSwift;
			sourceTree = "<group>";
		};
		FF82DC761CC8852B00064A17 /* Resource */ = {
			isa = PBXGroup;
			children = (
				FFCFED401CD8A328000A46F2 /* BebasNeue.otf */,
			);
			path = Resource;
			sourceTree = "<group>";
		};
		FF82DC781CC8852B00064A17 /* Tool */ = {
			isa = PBXGroup;
			children = (
				FFA1140F1CD334C900C0E069 /* CoordsTransform.swift */,
				FF82DC7D1CC8852B00064A17 /* NetworkTool.swift */,
				FF82DC7C1CC8852B00064A17 /* NetworkResponse.swift */,
				FF82DC791CC8852B00064A17 /* Array+Extension.swift */,
				FF82DC7A1CC8852B00064A17 /* DHButton.swift */,
				FF82DC7B1CC8852B00064A17 /* GlobalDefine.swift */,
				FF82DC7E1CC8852B00064A17 /* NSDate+Extension.swift */,
				FF9000FE1CC8E85B00ED3D3C /* UIView+Util.swift */,
				FF82DC7F1CC8852B00064A17 /* String+Extension.swift */,
				FF82DC801CC8852B00064A17 /* Tool.swift */,
				FF82DC811CC8852B00064A17 /* UIColor+Extension.swift */,
				FF82DC821CC8852B00064A17 /* UIFont+Extension.swift */,
				FF82DC831CC8852B00064A17 /* UIImage+Extension.swift */,
				FF82DC841CC8852B00064A17 /* UINib+Extension.swift */,
				FF82DC851CC8852B00064A17 /* UIStoryboard+Extension.swift */,
				FF82DC861CC8852B00064A17 /* Urls.swift */,
			);
			path = Tool;
			sourceTree = "<group>";
		};
		FF82DC961CC8855500064A17 /* framework */ = {
			isa = PBXGroup;
			children = (
				FFC196C51CCE262600B483C1 /* RequestBaseManager.swift */,
			);
			path = framework;
			sourceTree = "<group>";
		};
		FF9000EC1CC8D77000ED3D3C /* CustomTabBar */ = {
			isa = PBXGroup;
			children = (
				FF9000EE1CC8D79A00ED3D3C /* CustomTabBar.swift */,
				FF9000EF1CC8D79A00ED3D3C /* LBNvc.swift */,
				FF9000F01CC8D79A00ED3D3C /* Public.swift */,
			);
			path = CustomTabBar;
			sourceTree = "<group>";
		};
		FF9000ED1CC8D77000ED3D3C /* test */ = {
			isa = PBXGroup;
			children = (
				FF9001091CCDAFA100ED3D3C /* AsyncTest.swift */,
			);
			path = test;
			sourceTree = "<group>";
		};
		FF9001001CC9BA0900ED3D3C /* Bike */ = {
			isa = PBXGroup;
			children = (
				FF9001011CC9BA5400ED3D3C /* RidingVC.swift */,
				FF9001051CCA03B900ED3D3C /* CyclingManager.swift */,
				FF9001071CCA096E00ED3D3C /* CyclingMapViewVC.swift */,
			);
			path = Bike;
			sourceTree = "<group>";
		};
/* End PBXGroup section */

/* Begin PBXNativeTarget section */
		FF82DC601CC86FC300064A17 /* speedxSwift */ = {
			isa = PBXNativeTarget;
			buildConfigurationList = FF82DC731CC86FC300064A17 /* Build configuration list for PBXNativeTarget "speedxSwift" */;
			buildPhases = (
				DD7C497CD957E10D03002B8B /* Check Pods Manifest.lock */,
				FF82DC5D1CC86FC300064A17 /* Sources */,
				FF82DC5E1CC86FC300064A17 /* Frameworks */,
				FF82DC5F1CC86FC300064A17 /* Resources */,
				C6E519F0BB7228A4BE89401B /* Embed Pods Frameworks */,
				84FDF544AAD44B565C751C90 /* Copy Pods Resources */,
			);
			buildRules = (
			);
			dependencies = (
			);
			name = speedxSwift;
			productName = speedxSwift;
			productReference = FF82DC611CC86FC300064A17 /* speedxSwift.app */;
			productType = "com.apple.product-type.application";
		};
/* End PBXNativeTarget section */

/* Begin PBXProject section */
		FF82DC591CC86FC300064A17 /* Project object */ = {
			isa = PBXProject;
			attributes = {
				LastSwiftUpdateCheck = 0730;
				LastUpgradeCheck = 0730;
				ORGANIZATIONNAME = speedx;
				TargetAttributes = {
					FF82DC601CC86FC300064A17 = {
						CreatedOnToolsVersion = 7.3;
					};
				};
			};
			buildConfigurationList = FF82DC5C1CC86FC300064A17 /* Build configuration list for PBXProject "speedxSwift" */;
			compatibilityVersion = "Xcode 3.2";
			developmentRegion = English;
			hasScannedForEncodings = 0;
			knownRegions = (
				en,
				Base,
			);
			mainGroup = FF82DC581CC86FC300064A17;
			productRefGroup = FF82DC621CC86FC300064A17 /* Products */;
			projectDirPath = "";
			projectRoot = "";
			targets = (
				FF82DC601CC86FC300064A17 /* speedxSwift */,
			);
		};
/* End PBXProject section */

/* Begin PBXResourcesBuildPhase section */
		FF82DC5F1CC86FC300064A17 /* Resources */ = {
			isa = PBXResourcesBuildPhase;
			buildActionMask = 2147483647;
			files = (
				FF82DC6C1CC86FC300064A17 /* Assets.xcassets in Resources */,
				FFCFED411CD8A328000A46F2 /* BebasNeue.otf in Resources */,
			);
			runOnlyForDeploymentPostprocessing = 0;
		};
/* End PBXResourcesBuildPhase section */

/* Begin PBXShellScriptBuildPhase section */
		84FDF544AAD44B565C751C90 /* Copy Pods Resources */ = {
			isa = PBXShellScriptBuildPhase;
			buildActionMask = 2147483647;
			files = (
			);
			inputPaths = (
			);
			name = "Copy Pods Resources";
			outputPaths = (
			);
			runOnlyForDeploymentPostprocessing = 0;
			shellPath = /bin/sh;
			shellScript = "\"${SRCROOT}/Pods/Target Support Files/Pods-speedxSwift/Pods-speedxSwift-resources.sh\"\n";
			showEnvVarsInLog = 0;
		};
		C6E519F0BB7228A4BE89401B /* Embed Pods Frameworks */ = {
			isa = PBXShellScriptBuildPhase;
			buildActionMask = 2147483647;
			files = (
			);
			inputPaths = (
			);
			name = "Embed Pods Frameworks";
			outputPaths = (
			);
			runOnlyForDeploymentPostprocessing = 0;
			shellPath = /bin/sh;
			shellScript = "\"${SRCROOT}/Pods/Target Support Files/Pods-speedxSwift/Pods-speedxSwift-frameworks.sh\"\n";
			showEnvVarsInLog = 0;
		};
		DD7C497CD957E10D03002B8B /* Check Pods Manifest.lock */ = {
			isa = PBXShellScriptBuildPhase;
			buildActionMask = 2147483647;
			files = (
			);
			inputPaths = (
			);
			name = "Check Pods Manifest.lock";
			outputPaths = (
			);
			runOnlyForDeploymentPostprocessing = 0;
			shellPath = /bin/sh;
			shellScript = "diff \"${PODS_ROOT}/../Podfile.lock\" \"${PODS_ROOT}/Manifest.lock\" > /dev/null\nif [[ $? != 0 ]] ; then\n    cat << EOM\nerror: The sandbox is not in sync with the Podfile.lock. Run 'pod install' or update your CocoaPods installation.\nEOM\n    exit 1\nfi\n";
			showEnvVarsInLog = 0;
		};
/* End PBXShellScriptBuildPhase section */

/* Begin PBXSourcesBuildPhase section */
		FF82DC5D1CC86FC300064A17 /* Sources */ = {
			isa = PBXSourcesBuildPhase;
			buildActionMask = 2147483647;
			files = (
				FF9001081CCA096E00ED3D3C /* CyclingMapViewVC.swift in Sources */,
				FF82DC921CC8852B00064A17 /* UIImage+Extension.swift in Sources */,
				FF82DC8D1CC8852B00064A17 /* NSDate+Extension.swift in Sources */,
				FF82DC8E1CC8852B00064A17 /* String+Extension.swift in Sources */,
				FF9000F91CC8D98600ED3D3C /* BikeVC.swift in Sources */,
				FFA114101CD334C900C0E069 /* CoordsTransform.swift in Sources */,
				FF82DC931CC8852B00064A17 /* UINib+Extension.swift in Sources */,
				FF9000F21CC8D79A00ED3D3C /* LBNvc.swift in Sources */,
				FF82DC881CC8852B00064A17 /* Array+Extension.swift in Sources */,
				FF82DC901CC8852B00064A17 /* UIColor+Extension.swift in Sources */,
				FF9000FB1CC8D98600ED3D3C /* HomeVC.swift in Sources */,
				FF82DC8F1CC8852B00064A17 /* Tool.swift in Sources */,
				FF82DC991CC885FD00064A17 /* BaseViewController.swift in Sources */,
				FF82DC891CC8852B00064A17 /* DHButton.swift in Sources */,
				FF82DC911CC8852B00064A17 /* UIFont+Extension.swift in Sources */,
				FF9000FD1CC8D98600ED3D3C /* ClubVC.swift in Sources */,
				FF9000F31CC8D79A00ED3D3C /* Public.swift in Sources */,
				FF82DC8C1CC8852B00064A17 /* NetworkTool.swift in Sources */,
				FF9001061CCA03B900ED3D3C /* CyclingManager.swift in Sources */,
				FFC196C61CCE262600B483C1 /* RequestBaseManager.swift in Sources */,
				FF9000F11CC8D79A00ED3D3C /* CustomTabBar.swift in Sources */,
				FF82DC8A1CC8852B00064A17 /* GlobalDefine.swift in Sources */,
				FF9000FC1CC8D98600ED3D3C /* MoreVC.swift in Sources */,
				FF82DC951CC8852B00064A17 /* Urls.swift in Sources */,
				FF82DC651CC86FC300064A17 /* AppDelegate.swift in Sources */,
				FF9001021CC9BA5400ED3D3C /* RidingVC.swift in Sources */,
				FF9000FF1CC8E85B00ED3D3C /* UIView+Util.swift in Sources */,
				FF9000FA1CC8D98600ED3D3C /* RankVC.swift in Sources */,
				FF82DC8B1CC8852B00064A17 /* NetworkResponse.swift in Sources */,
				FF82DC941CC8852B00064A17 /* UIStoryboard+Extension.swift in Sources */,
				FF90010A1CCDAFA100ED3D3C /* AsyncTest.swift in Sources */,
			);
			runOnlyForDeploymentPostprocessing = 0;
		};
/* End PBXSourcesBuildPhase section */

/* Begin XCBuildConfiguration section */
		FF82DC711CC86FC300064A17 /* Debug */ = {
			isa = XCBuildConfiguration;
			buildSettings = {
				ALWAYS_SEARCH_USER_PATHS = NO;
				CLANG_ANALYZER_NONNULL = YES;
				CLANG_CXX_LANGUAGE_STANDARD = "gnu++0x";
				CLANG_CXX_LIBRARY = "libc++";
				CLANG_ENABLE_MODULES = YES;
				CLANG_ENABLE_OBJC_ARC = YES;
				CLANG_WARN_BOOL_CONVERSION = YES;
				CLANG_WARN_CONSTANT_CONVERSION = YES;
				CLANG_WARN_DIRECT_OBJC_ISA_USAGE = YES_ERROR;
				CLANG_WARN_EMPTY_BODY = YES;
				CLANG_WARN_ENUM_CONVERSION = YES;
				CLANG_WARN_INT_CONVERSION = YES;
				CLANG_WARN_OBJC_ROOT_CLASS = YES_ERROR;
				CLANG_WARN_UNREACHABLE_CODE = YES;
				CLANG_WARN__DUPLICATE_METHOD_MATCH = YES;
				"CODE_SIGN_IDENTITY[sdk=iphoneos*]" = "iPhone Developer";
				COPY_PHASE_STRIP = NO;
				DEBUG_INFORMATION_FORMAT = dwarf;
				ENABLE_STRICT_OBJC_MSGSEND = YES;
				ENABLE_TESTABILITY = YES;
				GCC_C_LANGUAGE_STANDARD = gnu99;
				GCC_DYNAMIC_NO_PIC = NO;
				GCC_NO_COMMON_BLOCKS = YES;
				GCC_OPTIMIZATION_LEVEL = 0;
				GCC_PREPROCESSOR_DEFINITIONS = (
					"DEBUG=1",
					"$(inherited)",
				);
				GCC_WARN_64_TO_32_BIT_CONVERSION = YES;
				GCC_WARN_ABOUT_RETURN_TYPE = YES_ERROR;
				GCC_WARN_UNDECLARED_SELECTOR = YES;
				GCC_WARN_UNINITIALIZED_AUTOS = YES_AGGRESSIVE;
				GCC_WARN_UNUSED_FUNCTION = YES;
				GCC_WARN_UNUSED_VARIABLE = YES;
				IPHONEOS_DEPLOYMENT_TARGET = 8.0;
				MTL_ENABLE_DEBUG_INFO = YES;
				ONLY_ACTIVE_ARCH = YES;
				SDKROOT = iphoneos;
				SWIFT_OPTIMIZATION_LEVEL = "-Onone";
			};
			name = Debug;
		};
		FF82DC721CC86FC300064A17 /* Release */ = {
			isa = XCBuildConfiguration;
			buildSettings = {
				ALWAYS_SEARCH_USER_PATHS = NO;
				CLANG_ANALYZER_NONNULL = YES;
				CLANG_CXX_LANGUAGE_STANDARD = "gnu++0x";
				CLANG_CXX_LIBRARY = "libc++";
				CLANG_ENABLE_MODULES = YES;
				CLANG_ENABLE_OBJC_ARC = YES;
				CLANG_WARN_BOOL_CONVERSION = YES;
				CLANG_WARN_CONSTANT_CONVERSION = YES;
				CLANG_WARN_DIRECT_OBJC_ISA_USAGE = YES_ERROR;
				CLANG_WARN_EMPTY_BODY = YES;
				CLANG_WARN_ENUM_CONVERSION = YES;
				CLANG_WARN_INT_CONVERSION = YES;
				CLANG_WARN_OBJC_ROOT_CLASS = YES_ERROR;
				CLANG_WARN_UNREACHABLE_CODE = YES;
				CLANG_WARN__DUPLICATE_METHOD_MATCH = YES;
				"CODE_SIGN_IDENTITY[sdk=iphoneos*]" = "iPhone Developer";
				COPY_PHASE_STRIP = NO;
				DEBUG_INFORMATION_FORMAT = "dwarf-with-dsym";
				ENABLE_NS_ASSERTIONS = NO;
				ENABLE_STRICT_OBJC_MSGSEND = YES;
				GCC_C_LANGUAGE_STANDARD = gnu99;
				GCC_NO_COMMON_BLOCKS = YES;
				GCC_WARN_64_TO_32_BIT_CONVERSION = YES;
				GCC_WARN_ABOUT_RETURN_TYPE = YES_ERROR;
				GCC_WARN_UNDECLARED_SELECTOR = YES;
				GCC_WARN_UNINITIALIZED_AUTOS = YES_AGGRESSIVE;
				GCC_WARN_UNUSED_FUNCTION = YES;
				GCC_WARN_UNUSED_VARIABLE = YES;
				IPHONEOS_DEPLOYMENT_TARGET = 8.0;
				MTL_ENABLE_DEBUG_INFO = NO;
				SDKROOT = iphoneos;
				VALIDATE_PRODUCT = YES;
			};
			name = Release;
		};
		FF82DC741CC86FC300064A17 /* Debug */ = {
			isa = XCBuildConfiguration;
			baseConfigurationReference = C54B64C47507714E096F8B48 /* Pods-speedxSwift.debug.xcconfig */;
			buildSettings = {
				ASSETCATALOG_COMPILER_APPICON_NAME = AppIcon;
				ASSETCATALOG_COMPILER_LAUNCHIMAGE_NAME = LaunchImage;
				INFOPLIST_FILE = speedxSwift/Info.plist;
				IPHONEOS_DEPLOYMENT_TARGET = 8.0;
				LD_RUNPATH_SEARCH_PATHS = "$(inherited) @executable_path/Frameworks";
				PRODUCT_BUNDLE_IDENTIFIER = com.speedxSwift;
				PRODUCT_NAME = "$(TARGET_NAME)";
			};
			name = Debug;
		};
		FF82DC751CC86FC300064A17 /* Release */ = {
			isa = XCBuildConfiguration;
			baseConfigurationReference = 84B1B150642A92232B5557CF /* Pods-speedxSwift.release.xcconfig */;
			buildSettings = {
				ASSETCATALOG_COMPILER_APPICON_NAME = AppIcon;
				ASSETCATALOG_COMPILER_LAUNCHIMAGE_NAME = LaunchImage;
				INFOPLIST_FILE = speedxSwift/Info.plist;
				IPHONEOS_DEPLOYMENT_TARGET = 8.0;
				LD_RUNPATH_SEARCH_PATHS = "$(inherited) @executable_path/Frameworks";
				PRODUCT_BUNDLE_IDENTIFIER = com.speedxSwift;
				PRODUCT_NAME = "$(TARGET_NAME)";
			};
			name = Release;
		};
/* End XCBuildConfiguration section */

/* Begin XCConfigurationList section */
		FF82DC5C1CC86FC300064A17 /* Build configuration list for PBXProject "speedxSwift" */ = {
			isa = XCConfigurationList;
			buildConfigurations = (
				FF82DC711CC86FC300064A17 /* Debug */,
				FF82DC721CC86FC300064A17 /* Release */,
			);
			defaultConfigurationIsVisible = 0;
			defaultConfigurationName = Release;
		};
		FF82DC731CC86FC300064A17 /* Build configuration list for PBXNativeTarget "speedxSwift" */ = {
			isa = XCConfigurationList;
			buildConfigurations = (
				FF82DC741CC86FC300064A17 /* Debug */,
				FF82DC751CC86FC300064A17 /* Release */,
			);
			defaultConfigurationIsVisible = 0;
			defaultConfigurationName = Release;
		};
/* End XCConfigurationList section */
	};
	rootObject = FF82DC591CC86FC300064A17 /* Project object */;
}
